
Microsoft Visual Studio Solution File, Format Version 12.00
# Visual Studio Version 17
VisualStudioVersion = 17.9.34728.123
MinimumVisualStudioVersion = 10.0.40219.1
Project("{FAE04EC0-301F-11D3-BF4B-00C04F79EFBC}") = "BankAccountManagementSystem", "BankAccountManagementSystem.csproj", "{D4278172-C42B-494D-A873-C48260E71B83}"
EndProject
Global
	GlobalSection(SolutionConfigurationPlatforms) = preSolution
		Debug|Any CPU = Debug|Any CPU
		Release|Any CPU = Release|Any CPU
	EndGlobalSection
	GlobalSection(ProjectConfigurationPlatforms) = postSolution
		{D4278172-C42B-494D-A873-C48260E71B83}.Debug|Any CPU.ActiveCfg = Debug|Any CPU
		{D4278172-C42B-494D-A873-C48260E71B83}.Debug|Any CPU.Build.0 = Debug|Any CPU
		{D4278172-C42B-494D-A873-C48260E71B83}.Release|Any CPU.ActiveCfg = Release|Any CPU
		{D4278172-C42B-494D-A873-C48260E71B83}.Release|Any CPU.Build.0 = Release|Any CPU
	EndGlobalSection
	GlobalSection(SolutionProperties) = preSolution
		HideSolutionNode = FALSE
	EndGlobalSection
	GlobalSection(ExtensibilityGlobals) = postSolution
		SolutionGuid = {37C34B33-CF60-47B2-BF49-D1A0CC1D107C}
	EndGlobalSection
EndGlobal
